GEM
  remote: https://rubygems.org/
  specs:
    actioncable (5.1.7)
      actionpack (= 5.1.7)
      nio4r (~> 2.0)
      websocket-driver (~> 0.6.1)
    actionmailer (5.1.7)
      actionpack (= 5.1.7)
      actionview (= 5.1.7)
      activejob (= 5.1.7)
      mail (~> 2.5, >= 2.5.4)
      rails-dom-testing (~> 2.0)
    actionpack (5.1.7)
      actionview (= 5.1.7)
      activesupport (= 5.1.7)
      rack (~> 2.0)
      rack-test (>= 0.6.3)
      rails-dom-testing (~> 2.0)
      rails-html-sanitizer (~> 1.0, >= 1.0.2)
    actionview (5.1.7)
      activesupport (= 5.1.7)
      builder (~> 3.1)
      erubi (~> 1.4)
      rails-dom-testing (~> 2.0)
      rails-html-sanitizer (~> 1.0, >= 1.0.3)
    activejob (5.1.7)
      activesupport (= 5.1.7)
      globalid (>= 0.3.6)
    activemodel (5.1.7)
      activesupport (= 5.1.7)
    activerecord (5.1.7)
      activemodel (= 5.1.7)
      activesupport (= 5.1.7)
      arel (~> 8.0)
    activesupport (5.1.7)
      concurrent-ruby (~> 1.0, >= 1.0.2)
      i18n (>= 0.7, < 2)
      minitest (~> 5.1)
      tzinfo (~> 1.1)
    addressable (2.8.8)
      public_suffix (>= 2.0.2, < 8.0)
    arel (8.0.0)
    aws-eventstream (1.4.0)
    aws-sdk (2.11.632)
      aws-sdk-resources (= 2.11.632)
    aws-sdk-core (2.11.632)
      aws-sigv4 (~> 1.0)
      jmespath (~> 1.0)
    aws-sdk-resources (2.11.632)
      aws-sdk-core (= 2.11.632)
    aws-sigv4 (1.12.1)
      aws-eventstream (~> 1, >= 1.0.2)
    base64 (0.3.0)
    bcrypt (3.1.21)
    bindex (0.8.1)
    builder (3.3.0)
    byebug (13.0.0)
      reline (>= 0.6.0)
    capybara (2.18.0)
      addressable
      mini_mime (>= 0.1.3)
      nokogiri (>= 1.3.3)
      rack (>= 1.0.0)
      rack-test (>= 0.5.4)
      xpath (>= 2.0, < 4.0)
    ckeditor (4.3.0)
      orm_adapter (~> 0.5.0)
      terrapin
    climate_control (0.2.0)
    coffee-rails (4.2.2)
      coffee-script (>= 2.2.0)
      railties (>= 4.0.0)
    coffee-script (2.4.1)
      coffee-script-source
      execjs
    coffee-script-source (1.12.2)
    concurrent-ruby (1.3.6)
    crass (1.0.6)
    database_cleaner (2.1.0)
      database_cleaner-active_record (>= 2, < 3)
    database_cleaner-active_record (2.2.2)
      activerecord (>= 5.a)
      database_cleaner-core (~> 2.0)
    database_cleaner-core (2.0.1)
    date (3.5.1)
    devise (4.9.4)
      bcrypt (~> 3.0)
      orm_adapter (~> 0.1)
      railties (>= 4.1.0)
      responders
      warden (~> 1.2.3)
    diff-lcs (1.6.2)
    erubi (1.13.1)
    execjs (2.10.0)
    factory_bot (4.8.2)
      activesupport (>= 3.0.0)
    factory_bot_rails (4.8.2)
      factory_bot (~> 4.8.2)
      railties (>= 3.0.0)
    ffi (1.17.3-aarch64-linux-gnu)
    ffi (1.17.3-aarch64-linux-musl)
    ffi (1.17.3-arm-linux-gnu)
    ffi (1.17.3-arm-linux-musl)
    ffi (1.17.3-arm64-darwin)
    ffi (1.17.3-x86_64-darwin)
    ffi (1.17.3-x86_64-linux-gnu)
    ffi (1.17.3-x86_64-linux-musl)
    friendly_id (5.6.0)
      activerecord (>= 4.0.0)
    globalid (1.1.0)
      activesupport (>= 5.0)
    i18n (1.14.8)
      concurrent-ruby (~> 1.0)
    io-console (0.8.2)
    jbuilder (2.13.0)
      actionview (>= 5.0.0)
      activesupport (>= 5.0.0)
    jmespath (1.6.2)
    listen (3.10.0)
      logger
      rb-fsevent (~> 0.10, >= 0.10.3)
      rb-inotify (~> 0.9, >= 0.9.10)
    logger (1.7.0)
    loofah (2.25.0)
      crass (~> 1.0.2)
      nokogiri (>= 1.12.0)
    mail (2.9.0)
      logger
      mini_mime (>= 0.1.1)
      net-imap
      net-pop
      net-smtp
    method_source (1.1.0)
    mime-types (3.7.0)
      logger
      mime-types-data (~> 3.2025, >= 3.2025.0507)
    mime-types-data (3.2026.0127)
    mimemagic (0.3.10)
      nokogiri (~> 1)
      rake
    mini_mime (1.1.5)
    minitest (5.27.0)
    net-imap (0.6.2)
      date
      net-protocol
    net-pop (0.1.2)
      net-protocol
    net-protocol (0.2.2)
      timeout
    net-smtp (0.5.1)
      net-protocol
    nio4r (2.7.5)
    nokogiri (1.19.0-aarch64-linux-gnu)
      racc (~> 1.4)
    nokogiri (1.19.0-aarch64-linux-musl)
      racc (~> 1.4)
    nokogiri (1.19.0-arm-linux-gnu)
      racc (~> 1.4)
    nokogiri (1.19.0-arm-linux-musl)
      racc (~> 1.4)
    nokogiri (1.19.0-arm64-darwin)
      racc (~> 1.4)
    nokogiri (1.19.0-x86_64-darwin)
      racc (~> 1.4)
    nokogiri (1.19.0-x86_64-linux-gnu)
      racc (~> 1.4)
    nokogiri (1.19.0-x86_64-linux-musl)
      racc (~> 1.4)
    normalize-rails (4.1.1)
    orm_adapter (0.5.0)
    paperclip (5.3.0)
      activemodel (>= 4.2.0)
      activesupport (>= 4.2.0)
      mime-types
      mimemagic (~> 0.3.0)
      terrapin (~> 0.6.0)
    pg (1.6.3)
    pg (1.6.3-aarch64-linux)
    pg (1.6.3-aarch64-linux-musl)
    pg (1.6.3-arm64-darwin)
    pg (1.6.3-x86_64-darwin)
    pg (1.6.3-x86_64-linux)
    pg (1.6.3-x86_64-linux-musl)
    public_suffix (7.0.2)
    puma (3.12.6)
    racc (1.8.1)
    rack (2.2.21)
    rack-test (2.2.0)
      rack (>= 1.3)
    rails (5.1.7)
      actioncable (= 5.1.7)
      actionmailer (= 5.1.7)
      actionpack (= 5.1.7)
      actionview (= 5.1.7)
      activejob (= 5.1.7)
      activemodel (= 5.1.7)
      activerecord (= 5.1.7)
      activesupport (= 5.1.7)
      bundler (>= 1.3.0)
      railties (= 5.1.7)
      sprockets-rails (>= 2.0.0)
    rails-dom-testing (2.3.0)
      activesupport (>= 5.0.0)
      minitest
      nokogiri (>= 1.6)
    rails-html-sanitizer (1.6.2)
      loofah (~> 2.21)
      nokogiri (>= 1.15.7, != 1.16.7, != 1.16.6, != 1.16.5, != 1.16.4, != 1.16.3, != 1.16.2, != 1.16.1, != 1.16.0.rc1, != 1.16.0)
    railties (5.1.7)
      actionpack (= 5.1.7)
      activesupport (= 5.1.7)
      method_source
      rake (>= 0.8.7)
      thor (>= 0.18.1, < 2.0)
    rake (13.3.1)
    rb-fsevent (0.11.2)
    rb-inotify (0.11.1)
      ffi (~> 1.0)
    reline (0.6.3)
      io-console (~> 0.5)
    responders (3.0.1)
      actionpack (>= 5.0)
      railties (>= 5.0)
    rexml (3.4.4)
    rspec-core (3.13.6)
      rspec-support (~> 3.13.0)
    rspec-expectations (3.13.5)
      diff-lcs (>= 1.2.0, < 2.0)
      rspec-support (~> 3.13.0)
    rspec-mocks (3.13.7)
      diff-lcs (>= 1.2.0, < 2.0)
      rspec-support (~> 3.13.0)
    rspec-rails (4.1.2)
      actionpack (>= 4.2)
      activesupport (>= 4.2)
      railties (>= 4.2)
      rspec-core (~> 3.10)
      rspec-expectations (~> 3.10)
      rspec-mocks (~> 3.10)
      rspec-support (~> 3.10)
    rspec-support (3.13.6)
    rubyzip (3.2.2)
    sass (3.7.4)
      sass-listen (~> 4.0.0)
    sass-listen (4.0.0)
      rb-fsevent (~> 0.9, >= 0.9.4)
      rb-inotify (~> 0.9, >= 0.9.7)
    sass-rails (5.0.7)
      railties (>= 4.0.0, < 6)
      sass (~> 3.1)
      sprockets (>= 2.8, < 4.0)
      sprockets-rails (>= 2.0, < 4.0)
      tilt (>= 1.1, < 3)
    selenium-webdriver (4.40.0)
      base64 (~> 0.2)
      logger (~> 1.4)
      rexml (~> 3.2, >= 3.2.5)
      rubyzip (>= 1.2.2, < 4.0)
      websocket (~> 1.0)
    spring (2.1.1)
    spring-watcher-listen (2.0.1)
      listen (>= 2.7, < 4.0)
      spring (>= 1.2, < 3.0)
    sprockets (3.7.5)
      base64
      concurrent-ruby (~> 1.0)
      rack (> 1, < 3)
    sprockets-rails (3.2.2)
      actionpack (>= 4.0)
      activesupport (>= 4.0)
      sprockets (>= 3.0.0)
    terrapin (0.6.0)
      climate_control (>= 0.0.3, < 1.0)
    thor (1.5.0)
    thread_safe (0.3.6)
    tilt (2.7.0)
    timeout (0.6.0)
    turbolinks (5.2.1)
      turbolinks-source (~> 5.2)
    turbolinks-source (5.2.0)
    tzinfo (1.2.11)
      thread_safe (~> 0.1)
    uglifier (4.2.1)
      execjs (>= 0.3.0, < 3)
    warden (1.2.9)
      rack (>= 2.0.9)
    web-console (3.7.0)
      actionview (>= 5.0)
      activemodel (>= 5.0)
      bindex (>= 0.4.0)
      railties (>= 5.0)
    websocket (1.2.11)
    websocket-driver (0.6.5)
      websocket-extensions (>= 0.1.0)
    websocket-extensions (0.1.5)
    xpath (3.2.0)
      nokogiri (~> 1.8)

PLATFORMS
  aarch64-linux
  aarch64-linux-gnu
  aarch64-linux-musl
  arm-linux-gnu
  arm-linux-musl
  arm64-darwin
  x86_64-darwin
  x86_64-linux
  x86_64-linux-gnu
  x86_64-linux-musl

DEPENDENCIES
  aws-sdk (~> 2)
  byebug
  capybara (~> 2.13)
  ckeditor (~> 4.2, >= 4.2.4)
  coffee-rails (~> 4.2)
  database_cleaner
  devise (~> 4.2)
  factory_bot_rails (~> 4.8.2)
  friendly_id (~> 5.1)
  jbuilder (~> 2.5)
  listen (~> 3.0)
  normalize-rails (~> 4.1, >= 4.1.1)
  paperclip (~> 5.2, >= 5.2)
  pg (~> 1.1)
  puma (~> 3.7)
  rails (~> 5.1.3)
  rspec-rails
  sass-rails (~> 5.0)
  selenium-webdriver
  spring
  spring-watcher-listen (~> 2.0.0)
  turbolinks (~> 5)
  tzinfo-data
  uglifier (>= 1.3.0)
  web-console (>= 3.3.0)

CHECKSUMS
  actioncable (5.1.7) sha256=c344a1b4edd4108b93b341343106e73466d8bbf0a79c926a62c74f6b22984ec1
  actionmailer (5.1.7) sha256=f053e043f0e83b7758b56af7fe21aa3ab2f61787e2edc6a1198acc8d3645fbbe
  actionpack (5.1.7) sha256=a2406a8346f95294ad9342c1535e2cc4f04e7c084e71359bae224650581bd17f
  actionview (5.1.7) sha256=871ca9cae0524e937543510104555c1e8d87f180b14ce0a03fe62c69012a5244
  activejob (5.1.7) sha256=f44a4691d7fca6b0f08c2dbd5c81110f428d5c8ade9c6a6b8e09c7984741a55c
  activemodel (5.1.7) sha256=709bb03d9c950353e8f70e0ed4f12154c346d492e5bf6ea53b515413c740fc1e
  activerecord (5.1.7) sha256=5a1f4bf7b5e5c05a3e21e9207f1336eab026b3dfd794a37eeee4a4c81cfe8544
  activesupport (5.1.7) sha256=216db77f40e41dab82328321c375f519de8c898dcc2b88a5319d3608928fd07e
  addressable (2.8.8) sha256=7c13b8f9536cf6364c03b9d417c19986019e28f7c00ac8132da4eb0fe393b057
  arel (8.0.0) sha256=f4777aabfe12a9e99713674240971d7f1f515cc258d561cd2dc2c06bd8c2805b
  aws-eventstream (1.4.0) sha256=116bf85c436200d1060811e6f5d2d40c88f65448f2125bc77ffce5121e6e183b
  aws-sdk (2.11.632) sha256=408aa4196410633a30f1d2fd16a0e9dce7c3e9e645ea3da021ac4b25be30bcb1
  aws-sdk-core (2.11.632) sha256=57a0b2eb3bd118e5ecd9a8faa3ee988697cc0848045774fe1786de43c547723b
  aws-sdk-resources (2.11.632) sha256=74ecdcd844a9af25aac01982354449f74ff545ee9bd1c7fb70510de92e8b716f
  aws-sigv4 (1.12.1) sha256=6973ff95cb0fd0dc58ba26e90e9510a2219525d07620c8babeb70ef831826c00
  base64 (0.3.0) sha256=27337aeabad6ffae05c265c450490628ef3ebd4b67be58257393227588f5a97b
  bcrypt (3.1.21) sha256=5964613d750a42c7ee5dc61f7b9336fb6caca429ba4ac9f2011609946e4a2dcf
  bindex (0.8.1) sha256=7b1ecc9dc539ed8bccfc8cb4d2732046227b09d6f37582ff12e50a5047ceb17e
  builder (3.3.0) sha256=497918d2f9dca528fdca4b88d84e4ef4387256d984b8154e9d5d3fe5a9c8835f
  byebug (13.0.0) sha256=d2263efe751941ca520fa29744b71972d39cbc41839496706f5d9b22e92ae05d
  capybara (2.18.0) sha256=084a2064b23ff1b8b47e09f00e797f2a2d0383dbc526eb2e467a53a96d3e677b
  ckeditor (4.3.0) sha256=7ed7f9f0616b620d6bbb6612d55fc4bb261d962d0fc95c0f5513cd8090c448fc
  climate_control (0.2.0) sha256=51f6a7f6a3e7b94f400592c298b32b91467400ec4580065ccc26efa522d82160
  coffee-rails (4.2.2) sha256=080a5c49e9568019018a8699cf80f7ea8e7b841744d832a98ac6b4c8e40be84a
  coffee-script (2.4.1) sha256=82fe281e11b93c8117b98c5ea8063e71741870f1c4fbb27177d7d6333dd38765
  coffee-script-source (1.12.2) sha256=e12b16fd8927fbbf8b87cb2e9a85a6cf457c6881cc7ff8b1af15b31f70da07a4
  concurrent-ruby (1.3.6) sha256=6b56837e1e7e5292f9864f34b69c5a2cbc75c0cf5338f1ce9903d10fa762d5ab
  crass (1.0.6) sha256=dc516022a56e7b3b156099abc81b6d2b08ea1ed12676ac7a5657617f012bd45d
  database_cleaner (2.1.0) sha256=1dcba26e3b1576da692fc6bac10136a4744da5bcc293d248aae19640c65d89cd
  database_cleaner-active_record (2.2.2) sha256=88296b9f3088c31f7c0d4fcec10f68e4b71c96698043916de59b04debec10388
  database_cleaner-core (2.0.1) sha256=8646574c32162e59ed7b5258a97a208d3c44551b854e510994f24683865d846c
  date (3.5.1) sha256=750d06384d7b9c15d562c76291407d89e368dda4d4fff957eb94962d325a0dc0
  devise (4.9.4) sha256=920042fe5e704c548aa4eb65ebdd65980b83ffae67feb32c697206bfd975a7f8
  diff-lcs (1.6.2) sha256=9ae0d2cba7d4df3075fe8cd8602a8604993efc0dfa934cff568969efb1909962
  erubi (1.13.1) sha256=a082103b0885dbc5ecf1172fede897f9ebdb745a4b97a5e8dc63953db1ee4ad9
  execjs (2.10.0) sha256=6bcb8be8f0052ff9d370b65d1c080f2406656e150452a0abdb185a133048450d
  factory_bot (4.8.2) sha256=9ddb61e3fec52b59ab1e0ef1e50c0cee152bed7d2901e5d5f0ac026fd42a2765
  factory_bot_rails (4.8.2) sha256=426f0e83d6693d6065f06d1813ac8d2ded65f6433bbb30063d870b1845b8ab31
  ffi (1.17.3-aarch64-linux-gnu) sha256=28ad573df26560f0aedd8a90c3371279a0b2bd0b4e834b16a2baa10bd7a97068
  ffi (1.17.3-aarch64-linux-musl) sha256=020b33b76775b1abacc3b7d86b287cef3251f66d747092deec592c7f5df764b2
  ffi (1.17.3-arm-linux-gnu) sha256=5bd4cea83b68b5ec0037f99c57d5ce2dd5aa438f35decc5ef68a7d085c785668
  ffi (1.17.3-arm-linux-musl) sha256=0d7626bb96265f9af78afa33e267d71cfef9d9a8eb8f5525344f8da6c7d76053
  ffi (1.17.3-arm64-darwin) sha256=0c690555d4cee17a7f07c04d59df39b2fba74ec440b19da1f685c6579bb0717f
  ffi (1.17.3-x86_64-darwin) sha256=1f211811eb5cfaa25998322cdd92ab104bfbd26d1c4c08471599c511f2c00bb5
  ffi (1.17.3-x86_64-linux-gnu) sha256=3746b01f677aae7b16dc1acb7cb3cc17b3e35bdae7676a3f568153fb0e2c887f
  ffi (1.17.3-x86_64-linux-musl) sha256=086b221c3a68320b7564066f46fed23449a44f7a1935f1fe5a245bd89d9aea56
  friendly_id (5.6.0) sha256=28e221cd53fbd21586321164c1c6fd0c9ba8dde13969cb2363679f44726bb0c3
  globalid (1.1.0) sha256=b337e1746f0c8cb0a6c918234b03a1ddeb4966206ce288fbb57779f59b2d154f
  i18n (1.14.8) sha256=285778639134865c5e0f6269e0b818256017e8cde89993fdfcbfb64d088824a5
  io-console (0.8.2) sha256=d6e3ae7a7cc7574f4b8893b4fca2162e57a825b223a177b7afa236c5ef9814cc
  jbuilder (2.13.0) sha256=7200a38a1c0081aa81b7a9757e7a299db75bc58cf1fd45ca7919a91627d227d6
  jmespath (1.6.2) sha256=238d774a58723d6c090494c8879b5e9918c19485f7e840f2c1c7532cf84ebcb1
  listen (3.10.0) sha256=c6e182db62143aeccc2e1960033bebe7445309c7272061979bb098d03760c9d2
  logger (1.7.0) sha256=196edec7cc44b66cfb40f9755ce11b392f21f7967696af15d274dde7edff0203
  loofah (2.25.0) sha256=df5ed7ac3bac6a4ec802df3877ee5cc86d027299f8952e6243b3dac446b060e6
  mail (2.9.0) sha256=6fa6673ecd71c60c2d996260f9ee3dd387d4673b8169b502134659ece6d34941
  method_source (1.1.0) sha256=181301c9c45b731b4769bc81e8860e72f9161ad7d66dd99103c9ab84f560f5c5
  mime-types (3.7.0) sha256=dcebf61c246f08e15a4de34e386ebe8233791e868564a470c3fe77c00eed5e56
  mime-types-data (3.2026.0127) sha256=4a58692436a987ad930e75bf8f24da7e627acfa0d06e1720aa514791b4c7d12b
  mimemagic (0.3.10) sha256=814063559bfe9523cdf287722a0e84fd673aec03b79a9dac9e170b11924d1533
  mini_mime (1.1.5) sha256=8681b7e2e4215f2a159f9400b5816d85e9d8c6c6b491e96a12797e798f8bccef
  minitest (5.27.0) sha256=2d3b17f8a36fe7801c1adcffdbc38233b938eb0b4966e97a6739055a45fa77d5
  net-imap (0.6.2) sha256=08caacad486853c61676cca0c0c47df93db02abc4a8239a8b67eb0981428acc6
  net-pop (0.1.2) sha256=848b4e982013c15b2f0382792268763b748cce91c9e91e36b0f27ed26420dff3
  net-protocol (0.2.2) sha256=aa73e0cba6a125369de9837b8d8ef82a61849360eba0521900e2c3713aa162a8
  net-smtp (0.5.1) sha256=ed96a0af63c524fceb4b29b0d352195c30d82dd916a42f03c62a3a70e5b70736
  nio4r (2.7.5) sha256=6c90168e48fb5f8e768419c93abb94ba2b892a1d0602cb06eef16d8b7df1dca1
  nokogiri (1.19.0-aarch64-linux-gnu) sha256=11a97ecc3c0e7e5edcf395720b10860ef493b768f6aa80c539573530bc933767
  nokogiri (1.19.0-aarch64-linux-musl) sha256=eb70507f5e01bc23dad9b8dbec2b36ad0e61d227b42d292835020ff754fb7ba9
  nokogiri (1.19.0-arm-linux-gnu) sha256=572a259026b2c8b7c161fdb6469fa2d0edd2b61cd599db4bbda93289abefbfe5
  nokogiri (1.19.0-arm-linux-musl) sha256=23ed90922f1a38aed555d3de4d058e90850c731c5b756d191b3dc8055948e73c
  nokogiri (1.19.0-arm64-darwin) sha256=0811dfd936d5f6dd3f6d32ef790568bf29b2b7bead9ba68866847b33c9cf5810
  nokogiri (1.19.0-x86_64-darwin) sha256=1dad56220b603a8edb9750cd95798bffa2b8dd9dd9aa47f664009ee5b43e3067
  nokogiri (1.19.0-x86_64-linux-gnu) sha256=f482b95c713d60031d48c44ce14562f8d2ce31e3a9e8dd0ccb131e9e5a68b58c
  nokogiri (1.19.0-x86_64-linux-musl) sha256=1c4ca6b381622420073ce6043443af1d321e8ed93cc18b08e2666e5bd02ffae4
  normalize-rails (4.1.1) sha256=c0a0d3e7a0f29de560a3e7eb54032e8592d35d2636b5b8f0c51e96546439d7c5
  orm_adapter (0.5.0) sha256=aa5d0be5d540cbb46d3a93e88061f4ece6a25f6e97d6a47122beb84fe595e9b9
  paperclip (5.3.0) sha256=29d7a8e442366e4ddf5a5ca00a8163b8c8485f97b7e4a0e6945423c09c9b068b
  pg (1.6.3) sha256=1388d0563e13d2758c1089e35e973a3249e955c659592d10e5b77c468f628a99
  pg (1.6.3-aarch64-linux) sha256=0698ad563e02383c27510b76bf7d4cd2de19cd1d16a5013f375dd473e4be72ea
  pg (1.6.3-aarch64-linux-musl) sha256=06a75f4ea04b05140146f2a10550b8e0d9f006a79cdaf8b5b130cde40e3ecc2c
  pg (1.6.3-arm64-darwin) sha256=7240330b572e6355d7c75a7de535edb5dfcbd6295d9c7777df4d9dddfb8c0e5f
  pg (1.6.3-x86_64-darwin) sha256=ee2e04a17c0627225054ffeb43e31a95be9d7e93abda2737ea3ce4a62f2729d6
  pg (1.6.3-x86_64-linux) sha256=5d9e188c8f7a0295d162b7b88a768d8452a899977d44f3274d1946d67920ae8d
  pg (1.6.3-x86_64-linux-musl) sha256=9c9c90d98c72f78eb04c0f55e9618fe55d1512128e411035fe229ff427864009
  public_suffix (7.0.2) sha256=9114090c8e4e7135c1fd0e7acfea33afaab38101884320c65aaa0ffb8e26a857
  puma (3.12.6) sha256=2a119d94264dc4b05e566b92461f1222d6bbfd1089133a77db5b2ced21f6f3fa
  racc (1.8.1) sha256=4a7f6929691dbec8b5209a0b373bc2614882b55fc5d2e447a21aaa691303d62f
  rack (2.2.21) sha256=14e2f72f0765455fe424ff601588ac5ce84e95784f59e99251ffe1527152f739
  rack-test (2.2.0) sha256=005a36692c306ac0b4a9350355ee080fd09ddef1148a5f8b2ac636c720f5c463
  rails (5.1.7) sha256=8d7f527c446de3f99ec506e6a680c42c38979a44b37beb15f7d451a33e74dcf5
  rails-dom-testing (2.3.0) sha256=8acc7953a7b911ca44588bf08737bc16719f431a1cc3091a292bca7317925c1d
  rails-html-sanitizer (1.6.2) sha256=35fce2ca8242da8775c83b6ba9c1bcaad6751d9eb73c1abaa8403475ab89a560
  railties (5.1.7) sha256=c874ebb682f628cfe075c3b9762d3b2ff1a04585c25a2f4eb3840c4b29d73e72
  rake (13.3.1) sha256=8c9e89d09f66a26a01264e7e3480ec0607f0c497a861ef16063604b1b08eb19c
  rb-fsevent (0.11.2) sha256=43900b972e7301d6570f64b850a5aa67833ee7d87b458ee92805d56b7318aefe
  rb-inotify (0.11.1) sha256=a0a700441239b0ff18eb65e3866236cd78613d6b9f78fea1f9ac47a85e47be6e
  reline (0.6.3) sha256=1198b04973565b36ec0f11542ab3f5cfeeec34823f4e54cebde90968092b1835
  responders (3.0.1) sha256=613fe28e498987f4feaa3230aa6313ca4bd5f0563a3da83511b0dd6cd8f47292
  rexml (3.4.4) sha256=19e0a2c3425dfbf2d4fc1189747bdb2f849b6c5e74180401b15734bc97b5d142
  rspec-core (3.13.6) sha256=a8823c6411667b60a8bca135364351dda34cd55e44ff94c4be4633b37d828b2d
  rspec-expectations (3.13.5) sha256=33a4d3a1d95060aea4c94e9f237030a8f9eae5615e9bd85718fe3a09e4b58836
  rspec-mocks (3.13.7) sha256=0979034e64b1d7a838aaaddf12bf065ea4dc40ef3d4c39f01f93ae2c66c62b1c
  rspec-rails (4.1.2) sha256=e0252a23040e1e28d90005a37beb59bd096e9c1c3dffd10f7946112264e02632
  rspec-support (3.13.6) sha256=2e8de3702427eab064c9352fe74488cc12a1bfae887ad8b91cba480ec9f8afb2
  rubyzip (3.2.2) sha256=c0ed99385f0625415c8f05bcae33fe649ed2952894a95ff8b08f26ca57ea5b3c
  sass (3.7.4) sha256=808b0d39053aa69068df939e24671fe84fd5a9d3314486e1a1457d0934a4255d
  sass-listen (4.0.0) sha256=ae9dcb76dd3e234329e5ba6e213f48e532c5a3e7b0b4d8a87f13aaca0cc18377
  sass-rails (5.0.7) sha256=faa85a4a61eb1a195a8157d9d376779352bd78a800a2eaec713ad7a8971e46f1
  selenium-webdriver (4.40.0) sha256=16ef7aa9853c1d4b9d52eac45aafa916e3934c5c83cb4facb03f250adfd15e5b
  spring (2.1.1) sha256=0d0ccd42eb6ac035b26a6791d10715b3b59c069d1fcd34693d7782257cf85cf4
  spring-watcher-listen (2.0.1) sha256=df83906f5ec811ec0be4536a7a088618af58667b232ffbb6bee4bb67b54d7ff9
  sprockets (3.7.5) sha256=72c20f256548f8a37fe7db41d96be86c3262fddaf4ebe9d69ec8317394fed383
  sprockets-rails (3.2.2) sha256=62862bce136e31d7497eededde5f7730d4096bc8ef33ef7037c41423ccf89557
  terrapin (0.6.0) sha256=c9fea9f13a40dc7c75212d1b9d4ee7e4542ffe7811bf700a38ba30900b70285c
  thor (1.5.0) sha256=e3a9e55fe857e44859ce104a84675ab6e8cd59c650a49106a05f55f136425e73
  thread_safe (0.3.6) sha256=9ed7072821b51c57e8d6b7011a8e282e25aeea3a4065eab326e43f66f063b05a
  tilt (2.7.0) sha256=0d5b9ba69f6a36490c64b0eee9f6e9aad517e20dcc848800a06eb116f08c6ab3
  timeout (0.6.0) sha256=6d722ad619f96ee383a0c557ec6eb8c4ecb08af3af62098a0be5057bf00de1af
  turbolinks (5.2.1) sha256=5fea5889c4e2a78a5bd9abda3860c565342b50c6e2593697d5558a08e15cce9c
  turbolinks-source (5.2.0) sha256=362a41fa851a22b0f15cf8f944b6c7c5788f645dc1f61ae25478bb25c3bc85d4
  tzinfo (1.2.11) sha256=6501f6a12175ca0243118b83f7c7c2b7978aaec7a0980550a124d007ad6361b6
  uglifier (4.2.1) sha256=75d42b81b10bfd21e7a427fabb1d49ff5ea7bda3c4a5039ddb2a78d194c6f5aa
  warden (1.2.9) sha256=46684f885d35a69dbb883deabf85a222c8e427a957804719e143005df7a1efd0
  web-console (3.7.0) sha256=cde97ef283953aa2710dd5a203077aeba513ef257b477af31d32578e9a283672
  websocket (1.2.11) sha256=b7e7a74e2410b5e85c25858b26b3322f29161e300935f70a0e0d3c35e0462737
  websocket-driver (0.6.5) sha256=b4a4e0c75eae9e85ceb248d4dc13519da581452767dcd5126c1452ea052183a4
  websocket-extensions (0.1.5) sha256=1c6ba63092cda343eb53fc657110c71c754c56484aad42578495227d717a8241
  xpath (3.2.0) sha256=6dfda79d91bb3b949b947ecc5919f042ef2f399b904013eb3ef6d20dd3a4082e

RUBY VERSION
  ruby 3.4.8

BUNDLED WITH
  4.0.2
